// !$*UTF8*$!
{
	archiveVersion = 1;
	classes = {
	};
	objectVersion = 46;
	objects = {

/* Begin PBXBuildFile section */
		334FC6E52496488ABAB3C0F1 /* libPods.a in Frameworks */ = {isa = PBXBuildFile; fileRef = 20D48B79081B44C186893DD8 /* libPods.a */; };
		3801745F1769F3B50049D26C /* Storyboard.storyboard in Resources */ = {isa = PBXBuildFile; fileRef = 3801745E1769F3B50049D26C /* Storyboard.storyboard */; };
		380F341317BA6BED003B45A9 /* UITIssue71ViewController.m in Sources */ = {isa = PBXBuildFile; fileRef = 380F341217BA6BED003B45A9 /* UITIssue71ViewController.m */; };
		380F728217D8EC11009133AF /* UITIssue101ViewController.m in Sources */ = {isa = PBXBuildFile; fileRef = 380F728117D8EC11009133AF /* UITIssue101ViewController.m */; };
		381595AF1785B73A001CC0CD /* UITAlertViewController.m in Sources */ = {isa = PBXBuildFile; fileRef = 381595AE1785B73A001CC0CD /* UITAlertViewController.m */; };
		381595B41785B742001CC0CD /* UITGroupedTableViewController.m in Sources */ = {isa = PBXBuildFile; fileRef = 381595B11785B742001CC0CD /* UITGroupedTableViewController.m */; };
		381595B51785B742001CC0CD /* UITIssue1ViewController.m in Sources */ = {isa = PBXBuildFile; fileRef = 381595B31785B742001CC0CD /* UITIssue1ViewController.m */; };
		381595C01785B74C001CC0CD /* UITPreparedCellTableViewController.m in Sources */ = {isa = PBXBuildFile; fileRef = 381595B71785B74B001CC0CD /* UITPreparedCellTableViewController.m */; };
		381595C11785B74C001CC0CD /* UITSegmentedControlViewController.m in Sources */ = {isa = PBXBuildFile; fileRef = 381595B91785B74B001CC0CD /* UITSegmentedControlViewController.m */; };
		381595C21785B74C001CC0CD /* UITSubviewTableViewController.m in Sources */ = {isa = PBXBuildFile; fileRef = 381595BB1785B74C001CC0CD /* UITSubviewTableViewController.m */; };
		381595C41785B74C001CC0CD /* UITTintViewController.m in Sources */ = {isa = PBXBuildFile; fileRef = 381595BF1785B74C001CC0CD /* UITTintViewController.m */; };
		381C00AD17172CE20067C936 /* UITTextViewController.m in Sources */ = {isa = PBXBuildFile; fileRef = 381C00AB17172CE20067C936 /* UITTextViewController.m */; };
		3865159C17A8225E00E10B72 /* UITBarItemViewController.m in Sources */ = {isa = PBXBuildFile; fileRef = 3865159B17A8225E00E10B72 /* UITBarItemViewController.m */; };
		38699EAC17977EEE00A0DA96 /* icon_29x29.png in Resources */ = {isa = PBXBuildFile; fileRef = 38699E9E17977EEE00A0DA96 /* icon_29x29.png */; };
		38699EAD17977EEE00A0DA96 /* icon_29x29@2x.png in Resources */ = {isa = PBXBuildFile; fileRef = 38699E9F17977EEE00A0DA96 /* icon_29x29@2x.png */; };
		38699EAE17977EEE00A0DA96 /* icon_50x50.png in Resources */ = {isa = PBXBuildFile; fileRef = 38699EA017977EEE00A0DA96 /* icon_50x50.png */; };
		38699EAF17977EEE00A0DA96 /* icon_50x50@2x.png in Resources */ = {isa = PBXBuildFile; fileRef = 38699EA117977EEE00A0DA96 /* icon_50x50@2x.png */; };
		38699EB017977EEE00A0DA96 /* icon_57x57.png in Resources */ = {isa = PBXBuildFile; fileRef = 38699EA217977EEE00A0DA96 /* icon_57x57.png */; };
		38699EB117977EEE00A0DA96 /* icon_57x57@2x.png in Resources */ = {isa = PBXBuildFile; fileRef = 38699EA317977EEE00A0DA96 /* icon_57x57@2x.png */; };
		38699EB217977EEE00A0DA96 /* icon_60x60.png in Resources */ = {isa = PBXBuildFile; fileRef = 38699EA417977EEE00A0DA96 /* icon_60x60.png */; };
		38699EB317977EEE00A0DA96 /* Icon_60x60@2x.png in Resources */ = {isa = PBXBuildFile; fileRef = 38699EA517977EEE00A0DA96 /* Icon_60x60@2x.png */; };
		38699EB417977EEE00A0DA96 /* icon_72x72.png in Resources */ = {isa = PBXBuildFile; fileRef = 38699EA617977EEE00A0DA96 /* icon_72x72.png */; };
		38699EB517977EEE00A0DA96 /* icon_72x72@2x.png in Resources */ = {isa = PBXBuildFile; fileRef = 38699EA717977EEE00A0DA96 /* icon_72x72@2x.png */; };
		38699EB617977EEE00A0DA96 /* icon_76x76.png in Resources */ = {isa = PBXBuildFile; fileRef = 38699EA817977EEE00A0DA96 /* icon_76x76.png */; };
		38699EB717977EEE00A0DA96 /* icon_76x76@2x.png in Resources */ = {isa = PBXBuildFile; fileRef = 38699EA917977EEE00A0DA96 /* icon_76x76@2x.png */; };
		38699EB817977EEE00A0DA96 /* icon_512x512.png in Resources */ = {isa = PBXBuildFile; fileRef = 38699EAA17977EEE00A0DA96 /* icon_512x512.png */; };
		38699EB917977EEE00A0DA96 /* icon_512x512@2x.png in Resources */ = {isa = PBXBuildFile; fileRef = 38699EAB17977EEE00A0DA96 /* icon_512x512@2x.png */; };
		3895CE2317884EAC00612CF7 /* UITIssue12ViewController.m in Sources */ = {isa = PBXBuildFile; fileRef = 3895CE2217884EAC00612CF7 /* UITIssue12ViewController.m */; };
		3895CE2F178851D800612CF7 /* UITPickerViewController.m in Sources */ = {isa = PBXBuildFile; fileRef = 3895CE2E178851D800612CF7 /* UITPickerViewController.m */; };
		38B0109017A6C52D0056D9B4 /* UITIssue39ViewController.m in Sources */ = {isa = PBXBuildFile; fileRef = 38B0108F17A6C52D0056D9B4 /* UITIssue39ViewController.m */; };
		38D331E91796DAF8009576B2 /* UITIssue41ViewController.m in Sources */ = {isa = PBXBuildFile; fileRef = 38D331E81796DAF8009576B2 /* UITIssue41ViewController.m */; };
		38D331EB1796DB65009576B2 /* MessageUI.framework in Frameworks */ = {isa = PBXBuildFile; fileRef = 38D331EA1796DB65009576B2 /* MessageUI.framework */; };
		38F068181636F8C8002723AB /* UIKit.framework in Frameworks */ = {isa = PBXBuildFile; fileRef = 383764E213373155007072FD /* UIKit.framework */; };
		38F068191636F8C8002723AB /* Foundation.framework in Frameworks */ = {isa = PBXBuildFile; fileRef = 383764D713373154007072FD /* Foundation.framework */; };
		38F0681A1636F8C8002723AB /* CoreGraphics.framework in Frameworks */ = {isa = PBXBuildFile; fileRef = 383764E513373155007072FD /* CoreGraphics.framework */; };
		38F068201636F8C8002723AB /* InfoPlist.strings in Resources */ = {isa = PBXBuildFile; fileRef = 38F0681E1636F8C8002723AB /* InfoPlist.strings */; };
		38F068221636F8C8002723AB /* main.m in Sources */ = {isa = PBXBuildFile; fileRef = 38F068211636F8C8002723AB /* main.m */; };
		38F068261636F8C8002723AB /* UITAppDelegate.m in Sources */ = {isa = PBXBuildFile; fileRef = 38F068251636F8C8002723AB /* UITAppDelegate.m */; };
		38F068281636F8C8002723AB /* Default.png in Resources */ = {isa = PBXBuildFile; fileRef = 38F068271636F8C8002723AB /* Default.png */; };
		38F0682A1636F8C8002723AB /* Default@2x.png in Resources */ = {isa = PBXBuildFile; fileRef = 38F068291636F8C8002723AB /* Default@2x.png */; };
		38F0682C1636F8C8002723AB /* Default-568h@2x.png in Resources */ = {isa = PBXBuildFile; fileRef = 38F0682B1636F8C8002723AB /* Default-568h@2x.png */; };
		38F0682F1636F8C8002723AB /* UITMasterViewController.m in Sources */ = {isa = PBXBuildFile; fileRef = 38F0682E1636F8C8002723AB /* UITMasterViewController.m */; };
		38F068321636F8C9002723AB /* UITDetailViewController.m in Sources */ = {isa = PBXBuildFile; fileRef = 38F068311636F8C9002723AB /* UITDetailViewController.m */; };
/* End PBXBuildFile section */

/* Begin PBXFileReference section */
		1CD6397DC4464AEBBF4476CE /* Pods.xcconfig */ = {isa = PBXFileReference; includeInIndex = 1; lastKnownFileType = text.xcconfig; name = Pods.xcconfig; path = Pods/Pods.xcconfig; sourceTree = SOURCE_ROOT; };
		20D48B79081B44C186893DD8 /* libPods.a */ = {isa = PBXFileReference; explicitFileType = archive.ar; includeInIndex = 0; path = libPods.a; sourceTree = BUILT_PRODUCTS_DIR; };
		3801745E1769F3B50049D26C /* Storyboard.storyboard */ = {isa = PBXFileReference; fileEncoding = 4; lastKnownFileType = file.storyboard; path = Storyboard.storyboard; sourceTree = "<group>"; };
		380F341117BA6BED003B45A9 /* UITIssue71ViewController.h */ = {isa = PBXFileReference; fileEncoding = 4; lastKnownFileType = sourcecode.c.h; path = UITIssue71ViewController.h; sourceTree = "<group>"; };
		380F341217BA6BED003B45A9 /* UITIssue71ViewController.m */ = {isa = PBXFileReference; fileEncoding = 4; lastKnownFileType = sourcecode.c.objc; path = UITIssue71ViewController.m; sourceTree = "<group>"; };
		380F728017D8EC11009133AF /* UITIssue101ViewController.h */ = {isa = PBXFileReference; fileEncoding = 4; lastKnownFileType = sourcecode.c.h; path = UITIssue101ViewController.h; sourceTree = "<group>"; };
		380F728117D8EC11009133AF /* UITIssue101ViewController.m */ = {isa = PBXFileReference; fileEncoding = 4; lastKnownFileType = sourcecode.c.objc; path = UITIssue101ViewController.m; sourceTree = "<group>"; };
		381595AD1785B73A001CC0CD /* UITAlertViewController.h */ = {isa = PBXFileReference; fileEncoding = 4; lastKnownFileType = sourcecode.c.h; path = UITAlertViewController.h; sourceTree = "<group>"; };
		381595AE1785B73A001CC0CD /* UITAlertViewController.m */ = {isa = PBXFileReference; fileEncoding = 4; lastKnownFileType = sourcecode.c.objc; path = UITAlertViewController.m; sourceTree = "<group>"; };
		381595B01785B742001CC0CD /* UITGroupedTableViewController.h */ = {isa = PBXFileReference; fileEncoding = 4; lastKnownFileType = sourcecode.c.h; path = UITGroupedTableViewController.h; sourceTree = "<group>"; };
		381595B11785B742001CC0CD /* UITGroupedTableViewController.m */ = {isa = PBXFileReference; fileEncoding = 4; lastKnownFileType = sourcecode.c.objc; path = UITGroupedTableViewController.m; sourceTree = "<group>"; };
		381595B21785B742001CC0CD /* UITIssue1ViewController.h */ = {isa = PBXFileReference; fileEncoding = 4; lastKnownFileType = sourcecode.c.h; path = UITIssue1ViewController.h; sourceTree = "<group>"; };
		381595B31785B742001CC0CD /* UITIssue1ViewController.m */ = {isa = PBXFileReference; fileEncoding = 4; lastKnownFileType = sourcecode.c.objc; path = UITIssue1ViewController.m; sourceTree = "<group>"; };
		381595B61785B74B001CC0CD /* UITPreparedCellTableViewController.h */ = {isa = PBXFileReference; fileEncoding = 4; lastKnownFileType = sourcecode.c.h; path = UITPreparedCellTableViewController.h; sourceTree = "<group>"; };
		381595B71785B74B001CC0CD /* UITPreparedCellTableViewController.m */ = {isa = PBXFileReference; fileEncoding = 4; lastKnownFileType = sourcecode.c.objc; path = UITPreparedCellTableViewController.m; sourceTree = "<group>"; };
		381595B81785B74B001CC0CD /* UITSegmentedControlViewController.h */ = {isa = PBXFileReference; fileEncoding = 4; lastKnownFileType = sourcecode.c.h; path = UITSegmentedControlViewController.h; sourceTree = "<group>"; };
		381595B91785B74B001CC0CD /* UITSegmentedControlViewController.m */ = {isa = PBXFileReference; fileEncoding = 4; lastKnownFileType = sourcecode.c.objc; path = UITSegmentedControlViewController.m; sourceTree = "<group>"; };
		381595BA1785B74C001CC0CD /* UITSubviewTableViewController.h */ = {isa = PBXFileReference; fileEncoding = 4; lastKnownFileType = sourcecode.c.h; path = UITSubviewTableViewController.h; sourceTree = "<group>"; };
		381595BB1785B74C001CC0CD /* UITSubviewTableViewController.m */ = {isa = PBXFileReference; fileEncoding = 4; lastKnownFileType = sourcecode.c.objc; path = UITSubviewTableViewController.m; sourceTree = "<group>"; };
		381595BE1785B74C001CC0CD /* UITTintViewController.h */ = {isa = PBXFileReference; fileEncoding = 4; lastKnownFileType = sourcecode.c.h; path = UITTintViewController.h; sourceTree = "<group>"; };
		381595BF1785B74C001CC0CD /* UITTintViewController.m */ = {isa = PBXFileReference; fileEncoding = 4; lastKnownFileType = sourcecode.c.objc; path = UITTintViewController.m; sourceTree = "<group>"; };
		381C00AA17172CE20067C936 /* UITTextViewController.h */ = {isa = PBXFileReference; fileEncoding = 4; lastKnownFileType = sourcecode.c.h; path = UITTextViewController.h; sourceTree = "<group>"; };
		381C00AB17172CE20067C936 /* UITTextViewController.m */ = {isa = PBXFileReference; fileEncoding = 4; lastKnownFileType = sourcecode.c.objc; path = UITTextViewController.m; sourceTree = "<group>"; };
		383764D713373154007072FD /* Foundation.framework */ = {isa = PBXFileReference; lastKnownFileType = wrapper.framework; name = Foundation.framework; path = System/Library/Frameworks/Foundation.framework; sourceTree = SDKROOT; };
		383764E213373155007072FD /* UIKit.framework */ = {isa = PBXFileReference; lastKnownFileType = wrapper.framework; name = UIKit.framework; path = System/Library/Frameworks/UIKit.framework; sourceTree = SDKROOT; };
		383764E513373155007072FD /* CoreGraphics.framework */ = {isa = PBXFileReference; lastKnownFileType = wrapper.framework; name = CoreGraphics.framework; path = System/Library/Frameworks/CoreGraphics.framework; sourceTree = SDKROOT; };
		3865159A17A8225E00E10B72 /* UITBarItemViewController.h */ = {isa = PBXFileReference; fileEncoding = 4; lastKnownFileType = sourcecode.c.h; path = UITBarItemViewController.h; sourceTree = "<group>"; };
		3865159B17A8225E00E10B72 /* UITBarItemViewController.m */ = {isa = PBXFileReference; fileEncoding = 4; lastKnownFileType = sourcecode.c.objc; path = UITBarItemViewController.m; sourceTree = "<group>"; };
		38699E9E17977EEE00A0DA96 /* icon_29x29.png */ = {isa = PBXFileReference; lastKnownFileType = image.png; name = icon_29x29.png; path = Icon.iconset/icon_29x29.png; sourceTree = "<group>"; };
		38699E9F17977EEE00A0DA96 /* icon_29x29@2x.png */ = {isa = PBXFileReference; lastKnownFileType = image.png; name = "icon_29x29@2x.png"; path = "Icon.iconset/icon_29x29@2x.png"; sourceTree = "<group>"; };
		38699EA017977EEE00A0DA96 /* icon_50x50.png */ = {isa = PBXFileReference; lastKnownFileType = image.png; name = icon_50x50.png; path = Icon.iconset/icon_50x50.png; sourceTree = "<group>"; };
		38699EA117977EEE00A0DA96 /* icon_50x50@2x.png */ = {isa = PBXFileReference; lastKnownFileType = image.png; name = "icon_50x50@2x.png"; path = "Icon.iconset/icon_50x50@2x.png"; sourceTree = "<group>"; };
		38699EA217977EEE00A0DA96 /* icon_57x57.png */ = {isa = PBXFileReference; lastKnownFileType = image.png; name = icon_57x57.png; path = Icon.iconset/icon_57x57.png; sourceTree = "<group>"; };
		38699EA317977EEE00A0DA96 /* icon_57x57@2x.png */ = {isa = PBXFileReference; lastKnownFileType = image.png; name = "icon_57x57@2x.png"; path = "Icon.iconset/icon_57x57@2x.png"; sourceTree = "<group>"; };
		38699EA417977EEE00A0DA96 /* icon_60x60.png */ = {isa = PBXFileReference; lastKnownFileType = image.png; name = icon_60x60.png; path = Icon.iconset/icon_60x60.png; sourceTree = "<group>"; };
		38699EA517977EEE00A0DA96 /* Icon_60x60@2x.png */ = {isa = PBXFileReference; lastKnownFileType = image.png; name = "Icon_60x60@2x.png"; path = "Icon.iconset/Icon_60x60@2x.png"; sourceTree = "<group>"; };
		38699EA617977EEE00A0DA96 /* icon_72x72.png */ = {isa = PBXFileReference; lastKnownFileType = image.png; name = icon_72x72.png; path = Icon.iconset/icon_72x72.png; sourceTree = "<group>"; };
		38699EA717977EEE00A0DA96 /* icon_72x72@2x.png */ = {isa = PBXFileReference; lastKnownFileType = image.png; name = "icon_72x72@2x.png"; path = "Icon.iconset/icon_72x72@2x.png"; sourceTree = "<group>"; };
		38699EA817977EEE00A0DA96 /* icon_76x76.png */ = {isa = PBXFileReference; lastKnownFileType = image.png; name = icon_76x76.png; path = Icon.iconset/icon_76x76.png; sourceTree = "<group>"; };
		38699EA917977EEE00A0DA96 /* icon_76x76@2x.png */ = {isa = PBXFileReference; lastKnownFileType = image.png; name = "icon_76x76@2x.png"; path = "Icon.iconset/icon_76x76@2x.png"; sourceTree = "<group>"; };
		38699EAA17977EEE00A0DA96 /* icon_512x512.png */ = {isa = PBXFileReference; lastKnownFileType = image.png; name = icon_512x512.png; path = Icon.iconset/icon_512x512.png; sourceTree = "<group>"; };
		38699EAB17977EEE00A0DA96 /* icon_512x512@2x.png */ = {isa = PBXFileReference; lastKnownFileType = image.png; name = "icon_512x512@2x.png"; path = "Icon.iconset/icon_512x512@2x.png"; sourceTree = "<group>"; };
		3895CE2117884EAC00612CF7 /* UITIssue12ViewController.h */ = {isa = PBXFileReference; fileEncoding = 4; lastKnownFileType = sourcecode.c.h; path = UITIssue12ViewController.h; sourceTree = "<group>"; };
		3895CE2217884EAC00612CF7 /* UITIssue12ViewController.m */ = {isa = PBXFileReference; fileEncoding = 4; lastKnownFileType = sourcecode.c.objc; path = UITIssue12ViewController.m; sourceTree = "<group>"; };
		3895CE2D178851D800612CF7 /* UITPickerViewController.h */ = {isa = PBXFileReference; fileEncoding = 4; lastKnownFileType = sourcecode.c.h; path = UITPickerViewController.h; sourceTree = "<group>"; };
		3895CE2E178851D800612CF7 /* UITPickerViewController.m */ = {isa = PBXFileReference; fileEncoding = 4; lastKnownFileType = sourcecode.c.objc; path = UITPickerViewController.m; sourceTree = "<group>"; };
		38B0108E17A6C52D0056D9B4 /* UITIssue39ViewController.h */ = {isa = PBXFileReference; fileEncoding = 4; lastKnownFileType = sourcecode.c.h; path = UITIssue39ViewController.h; sourceTree = "<group>"; };
		38B0108F17A6C52D0056D9B4 /* UITIssue39ViewController.m */ = {isa = PBXFileReference; fileEncoding = 4; lastKnownFileType = sourcecode.c.objc; path = UITIssue39ViewController.m; sourceTree = "<group>"; };
		38C7A9891495181800381910 /* SenTestingKit.framework */ = {isa = PBXFileReference; lastKnownFileType = wrapper.framework; name = SenTestingKit.framework; path = Library/Frameworks/SenTestingKit.framework; sourceTree = DEVELOPER_DIR; };
		38D331E71796DAF8009576B2 /* UITIssue41ViewController.h */ = {isa = PBXFileReference; fileEncoding = 4; lastKnownFileType = sourcecode.c.h; path = UITIssue41ViewController.h; sourceTree = "<group>"; };
		38D331E81796DAF8009576B2 /* UITIssue41ViewController.m */ = {isa = PBXFileReference; fileEncoding = 4; lastKnownFileType = sourcecode.c.objc; path = UITIssue41ViewController.m; sourceTree = "<group>"; };
		38D331EA1796DB65009576B2 /* MessageUI.framework */ = {isa = PBXFileReference; lastKnownFileType = wrapper.framework; name = MessageUI.framework; path = System/Library/Frameworks/MessageUI.framework; sourceTree = SDKROOT; };
		38F068161636F8C8002723AB /* UI7KitTestApp.app */ = {isa = PBXFileReference; explicitFileType = wrapper.application; includeInIndex = 0; path = UI7KitTestApp.app; sourceTree = BUILT_PRODUCTS_DIR; };
		38F0681D1636F8C8002723AB /* UI7KitTestApp-Info.plist */ = {isa = PBXFileReference; lastKnownFileType = text.plist.xml; path = "UI7KitTestApp-Info.plist"; sourceTree = "<group>"; };
		38F0681F1636F8C8002723AB /* en */ = {isa = PBXFileReference; lastKnownFileType = text.plist.strings; name = en; path = en.lproj/InfoPlist.strings; sourceTree = "<group>"; };
		38F068211636F8C8002723AB /* main.m */ = {isa = PBXFileReference; lastKnownFileType = sourcecode.c.objc; path = main.m; sourceTree = "<group>"; };
		38F068231636F8C8002723AB /* UI7KitTestApp-Prefix.pch */ = {isa = PBXFileReference; lastKnownFileType = sourcecode.c.h; path = "UI7KitTestApp-Prefix.pch"; sourceTree = "<group>"; };
		38F068241636F8C8002723AB /* UITAppDelegate.h */ = {isa = PBXFileReference; lastKnownFileType = sourcecode.c.h; path = UITAppDelegate.h; sourceTree = "<group>"; };
		38F068251636F8C8002723AB /* UITAppDelegate.m */ = {isa = PBXFileReference; lastKnownFileType = sourcecode.c.objc; path = UITAppDelegate.m; sourceTree = "<group>"; };
		38F068271636F8C8002723AB /* Default.png */ = {isa = PBXFileReference; lastKnownFileType = image.png; path = Default.png; sourceTree = "<group>"; };
		38F068291636F8C8002723AB /* Default@2x.png */ = {isa = PBXFileReference; lastKnownFileType = image.png; path = "Default@2x.png"; sourceTree = "<group>"; };
		38F0682B1636F8C8002723AB /* Default-568h@2x.png */ = {isa = PBXFileReference; lastKnownFileType = image.png; path = "Default-568h@2x.png"; sourceTree = "<group>"; };
		38F0682D1636F8C8002723AB /* UITMasterViewController.h */ = {isa = PBXFileReference; lastKnownFileType = sourcecode.c.h; path = UITMasterViewController.h; sourceTree = "<group>"; };
		38F0682E1636F8C8002723AB /* UITMasterViewController.m */ = {isa = PBXFileReference; lastKnownFileType = sourcecode.c.objc; path = UITMasterViewController.m; sourceTree = "<group>"; };
		38F068301636F8C8002723AB /* UITDetailViewController.h */ = {isa = PBXFileReference; lastKnownFileType = sourcecode.c.h; path = UITDetailViewController.h; sourceTree = "<group>"; };
		38F068311636F8C9002723AB /* UITDetailViewController.m */ = {isa = PBXFileReference; lastKnownFileType = sourcecode.c.objc; path = UITDetailViewController.m; sourceTree = "<group>"; };
/* End PBXFileReference section */

/* Begin PBXFrameworksBuildPhase section */
		38F068131636F8C8002723AB /* Frameworks */ = {
			isa = PBXFrameworksBuildPhase;
			buildActionMask = 2147483647;
			files = (
				38D331EB1796DB65009576B2 /* MessageUI.framework in Frameworks */,
				38F068181636F8C8002723AB /* UIKit.framework in Frameworks */,
				38F068191636F8C8002723AB /* Foundation.framework in Frameworks */,
				38F0681A1636F8C8002723AB /* CoreGraphics.framework in Frameworks */,
				334FC6E52496488ABAB3C0F1 /* libPods.a in Frameworks */,
			);
			runOnlyForDeploymentPostprocessing = 0;
		};
/* End PBXFrameworksBuildPhase section */

/* Begin PBXGroup section */
		383764C913373154007072FD = {
			isa = PBXGroup;
			children = (
				38F0681B1636F8C8002723AB /* TestApp */,
				383764D613373154007072FD /* Frameworks */,
				383764D513373154007072FD /* Products */,
				1CD6397DC4464AEBBF4476CE /* Pods.xcconfig */,
			);
			sourceTree = "<group>";
		};
		383764D513373154007072FD /* Products */ = {
			isa = PBXGroup;
			children = (
				38F068161636F8C8002723AB /* UI7KitTestApp.app */,
			);
			name = Products;
			sourceTree = "<group>";
		};
		383764D613373154007072FD /* Frameworks */ = {
			isa = PBXGroup;
			children = (
				383764D713373154007072FD /* Foundation.framework */,
				383764E213373155007072FD /* UIKit.framework */,
				383764E513373155007072FD /* CoreGraphics.framework */,
				38C7A9891495181800381910 /* SenTestingKit.framework */,
				38D331EA1796DB65009576B2 /* MessageUI.framework */,
				20D48B79081B44C186893DD8 /* libPods.a */,
			);
			name = Frameworks;
			sourceTree = "<group>";
		};
		38F0681B1636F8C8002723AB /* TestApp */ = {
			isa = PBXGroup;
			children = (
				38F068241636F8C8002723AB /* UITAppDelegate.h */,
				38F068251636F8C8002723AB /* UITAppDelegate.m */,
				38F0682D1636F8C8002723AB /* UITMasterViewController.h */,
				38F0682E1636F8C8002723AB /* UITMasterViewController.m */,
				3865159A17A8225E00E10B72 /* UITBarItemViewController.h */,
				3865159B17A8225E00E10B72 /* UITBarItemViewController.m */,
				38F068301636F8C8002723AB /* UITDetailViewController.h */,
				38F068311636F8C9002723AB /* UITDetailViewController.m */,
				381C00AA17172CE20067C936 /* UITTextViewController.h */,
				381C00AB17172CE20067C936 /* UITTextViewController.m */,
				381595AD1785B73A001CC0CD /* UITAlertViewController.h */,
				381595AE1785B73A001CC0CD /* UITAlertViewController.m */,
				381595B01785B742001CC0CD /* UITGroupedTableViewController.h */,
				381595B11785B742001CC0CD /* UITGroupedTableViewController.m */,
				381595B61785B74B001CC0CD /* UITPreparedCellTableViewController.h */,
				381595B71785B74B001CC0CD /* UITPreparedCellTableViewController.m */,
				381595B81785B74B001CC0CD /* UITSegmentedControlViewController.h */,
				381595B91785B74B001CC0CD /* UITSegmentedControlViewController.m */,
				381595BA1785B74C001CC0CD /* UITSubviewTableViewController.h */,
				381595BB1785B74C001CC0CD /* UITSubviewTableViewController.m */,
				381595BE1785B74C001CC0CD /* UITTintViewController.h */,
				381595BF1785B74C001CC0CD /* UITTintViewController.m */,
				3895CE2D178851D800612CF7 /* UITPickerViewController.h */,
				3895CE2E178851D800612CF7 /* UITPickerViewController.m */,
				381595B21785B742001CC0CD /* UITIssue1ViewController.h */,
				381595B31785B742001CC0CD /* UITIssue1ViewController.m */,
				3895CE2117884EAC00612CF7 /* UITIssue12ViewController.h */,
				3895CE2217884EAC00612CF7 /* UITIssue12ViewController.m */,
				38B0108E17A6C52D0056D9B4 /* UITIssue39ViewController.h */,
				38B0108F17A6C52D0056D9B4 /* UITIssue39ViewController.m */,
				38D331E71796DAF8009576B2 /* UITIssue41ViewController.h */,
				38D331E81796DAF8009576B2 /* UITIssue41ViewController.m */,
				380F341117BA6BED003B45A9 /* UITIssue71ViewController.h */,
				380F341217BA6BED003B45A9 /* UITIssue71ViewController.m */,
				380F728017D8EC11009133AF /* UITIssue101ViewController.h */,
				380F728117D8EC11009133AF /* UITIssue101ViewController.m */,
				3801745E1769F3B50049D26C /* Storyboard.storyboard */,
				38F0681C1636F8C8002723AB /* Supporting Files */,
			);
			name = TestApp;
			sourceTree = SOURCE_ROOT;
		};
		38F0681C1636F8C8002723AB /* Supporting Files */ = {
			isa = PBXGroup;
			children = (
				38F0681D1636F8C8002723AB /* UI7KitTestApp-Info.plist */,
				38F0681E1636F8C8002723AB /* InfoPlist.strings */,
				38F068211636F8C8002723AB /* main.m */,
				38F068231636F8C8002723AB /* UI7KitTestApp-Prefix.pch */,
				38F068271636F8C8002723AB /* Default.png */,
				38F068291636F8C8002723AB /* Default@2x.png */,
				38F0682B1636F8C8002723AB /* Default-568h@2x.png */,
				38699E9E17977EEE00A0DA96 /* icon_29x29.png */,
				38699E9F17977EEE00A0DA96 /* icon_29x29@2x.png */,
				38699EA017977EEE00A0DA96 /* icon_50x50.png */,
				38699EA117977EEE00A0DA96 /* icon_50x50@2x.png */,
				38699EA217977EEE00A0DA96 /* icon_57x57.png */,
				38699EA317977EEE00A0DA96 /* icon_57x57@2x.png */,
				38699EA417977EEE00A0DA96 /* icon_60x60.png */,
				38699EA517977EEE00A0DA96 /* Icon_60x60@2x.png */,
				38699EA617977EEE00A0DA96 /* icon_72x72.png */,
				38699EA717977EEE00A0DA96 /* icon_72x72@2x.png */,
				38699EA817977EEE00A0DA96 /* icon_76x76.png */,
				38699EA917977EEE00A0DA96 /* icon_76x76@2x.png */,
				38699EAA17977EEE00A0DA96 /* icon_512x512.png */,
				38699EAB17977EEE00A0DA96 /* icon_512x512@2x.png */,
			);
			name = "Supporting Files";
			sourceTree = "<group>";
		};
/* End PBXGroup section */

/* Begin PBXNativeTarget section */
		38F068151636F8C8002723AB /* UI7KitTestApp */ = {
			isa = PBXNativeTarget;
			buildConfigurationList = 38F0683F1636F8C9002723AB /* Build configuration list for PBXNativeTarget "UI7KitTestApp" */;
			buildPhases = (
				8B2D18FE4F8340CFB2CB000F /* Check Pods Manifest.lock */,
				38F068121636F8C8002723AB /* Sources */,
				38F068131636F8C8002723AB /* Frameworks */,
				38F068141636F8C8002723AB /* Resources */,
				BFE24904AFCA4BA2AF151B93 /* Copy Pods Resources */,
			);
			buildRules = (
			);
			dependencies = (
			);
			name = UI7KitTestApp;
			productName = UIKitExtensionTestApp;
			productReference = 38F068161636F8C8002723AB /* UI7KitTestApp.app */;
			productType = "com.apple.product-type.application";
		};
/* End PBXNativeTarget section */

/* Begin PBXProject section */
		383764CB13373154007072FD /* Project object */ = {
			isa = PBXProject;
			attributes = {
				LastUpgradeCheck = 0450;
				ORGANIZATIONNAME = youknowone.org;
			};
			buildConfigurationList = 383764CE13373154007072FD /* Build configuration list for PBXProject "UI7KitTest" */;
			compatibilityVersion = "Xcode 3.2";
			developmentRegion = English;
			hasScannedForEncodings = 0;
			knownRegions = (
				en,
			);
			mainGroup = 383764C913373154007072FD;
			productRefGroup = 383764D513373154007072FD /* Products */;
			projectDirPath = "";
			projectRoot = "";
			targets = (
				38F068151636F8C8002723AB /* UI7KitTestApp */,
			);
		};
/* End PBXProject section */

/* Begin PBXResourcesBuildPhase section */
		38F068141636F8C8002723AB /* Resources */ = {
			isa = PBXResourcesBuildPhase;
			buildActionMask = 2147483647;
			files = (
				38F068201636F8C8002723AB /* InfoPlist.strings in Resources */,
				38F068281636F8C8002723AB /* Default.png in Resources */,
				38699EB717977EEE00A0DA96 /* icon_76x76@2x.png in Resources */,
				38699EAD17977EEE00A0DA96 /* icon_29x29@2x.png in Resources */,
				38699EAE17977EEE00A0DA96 /* icon_50x50.png in Resources */,
				38F0682A1636F8C8002723AB /* Default@2x.png in Resources */,
				38699EB217977EEE00A0DA96 /* icon_60x60.png in Resources */,
				38699EAC17977EEE00A0DA96 /* icon_29x29.png in Resources */,
				38699EB417977EEE00A0DA96 /* icon_72x72.png in Resources */,
				38F0682C1636F8C8002723AB /* Default-568h@2x.png in Resources */,
				38699EAF17977EEE00A0DA96 /* icon_50x50@2x.png in Resources */,
				38699EB817977EEE00A0DA96 /* icon_512x512.png in Resources */,
				38699EB517977EEE00A0DA96 /* icon_72x72@2x.png in Resources */,
				38699EB617977EEE00A0DA96 /* icon_76x76.png in Resources */,
				3801745F1769F3B50049D26C /* Storyboard.storyboard in Resources */,
				38699EB317977EEE00A0DA96 /* Icon_60x60@2x.png in Resources */,
				38699EB017977EEE00A0DA96 /* icon_57x57.png in Resources */,
				38699EB917977EEE00A0DA96 /* icon_512x512@2x.png in Resources */,
				38699EB117977EEE00A0DA96 /* icon_57x57@2x.png in Resources */,
			);
			runOnlyForDeploymentPostprocessing = 0;
		};
/* End PBXResourcesBuildPhase section */

/* Begin PBXShellScriptBuildPhase section */
		8B2D18FE4F8340CFB2CB000F /* Check Pods Manifest.lock */ = {
			isa = PBXShellScriptBuildPhase;
			buildActionMask = 2147483647;
			files = (
			);
			inputPaths = (
			);
			name = "Check Pods Manifest.lock";
			outputPaths = (
			);
			runOnlyForDeploymentPostprocessing = 0;
			shellPath = /bin/sh;
			shellScript = "diff \"${PODS_ROOT}/../Podfile.lock\" \"${PODS_ROOT}/Manifest.lock\" > /dev/null\nif [[ $? != 0 ]] ; then\n    cat << EOM\nerror: The sanbox is not in sync with the Podfile.lock. Run 'pod install'.\nEOM\n    exit 1\nfi\n";
		};
		BFE24904AFCA4BA2AF151B93 /* Copy Pods Resources */ = {
			isa = PBXShellScriptBuildPhase;
			buildActionMask = 2147483647;
			files = (
			);
			inputPaths = (
			);
			name = "Copy Pods Resources";
			outputPaths = (
			);
			runOnlyForDeploymentPostprocessing = 0;
			shellPath = /bin/sh;
			shellScript = "\"${SRCROOT}/Pods/Pods-resources.sh\"\n";
		};
/* End PBXShellScriptBuildPhase section */

/* Begin PBXSourcesBuildPhase section */
		38F068121636F8C8002723AB /* Sources */ = {
			isa = PBXSourcesBuildPhase;
			buildActionMask = 2147483647;
			files = (
				3895CE2317884EAC00612CF7 /* UITIssue12ViewController.m in Sources */,
				38F068221636F8C8002723AB /* main.m in Sources */,
				38F068261636F8C8002723AB /* UITAppDelegate.m in Sources */,
				3895CE2F178851D800612CF7 /* UITPickerViewController.m in Sources */,
				38F0682F1636F8C8002723AB /* UITMasterViewController.m in Sources */,
				38F068321636F8C9002723AB /* UITDetailViewController.m in Sources */,
				381C00AD17172CE20067C936 /* UITTextViewController.m in Sources */,
				380F341317BA6BED003B45A9 /* UITIssue71ViewController.m in Sources */,
				381595AF1785B73A001CC0CD /* UITAlertViewController.m in Sources */,
				381595B41785B742001CC0CD /* UITGroupedTableViewController.m in Sources */,
				3865159C17A8225E00E10B72 /* UITBarItemViewController.m in Sources */,
				381595B51785B742001CC0CD /* UITIssue1ViewController.m in Sources */,
				381595C01785B74C001CC0CD /* UITPreparedCellTableViewController.m in Sources */,
				38B0109017A6C52D0056D9B4 /* UITIssue39ViewController.m in Sources */,
				381595C11785B74C001CC0CD /* UITSegmentedControlViewController.m in Sources */,
				380F728217D8EC11009133AF /* UITIssue101ViewController.m in Sources */,
				381595C21785B74C001CC0CD /* UITSubviewTableViewController.m in Sources */,
				381595C41785B74C001CC0CD /* UITTintViewController.m in Sources */,
				38D331E91796DAF8009576B2 /* UITIssue41ViewController.m in Sources */,
			);
			runOnlyForDeploymentPostprocessing = 0;
		};
/* End PBXSourcesBuildPhase section */

/* Begin PBXVariantGroup section */
		38F0681E1636F8C8002723AB /* InfoPlist.strings */ = {
			isa = PBXVariantGroup;
			children = (
				38F0681F1636F8C8002723AB /* en */,
			);
			name = InfoPlist.strings;
			sourceTree = "<group>";
		};
/* End PBXVariantGroup section */

/* Begin XCBuildConfiguration section */
		383764F513373155007072FD /* Debug */ = {
			isa = XCBuildConfiguration;
			buildSettings = {
				CLANG_ANALYZER_SECURITY_FLOATLOOPCOUNTER = YES;
				CLANG_ANALYZER_SECURITY_INSECUREAPI_RAND = YES;
				CLANG_ANALYZER_SECURITY_INSECUREAPI_STRCPY = YES;
				CLANG_CXX_LANGUAGE_STANDARD = "c++0x";
				CLANG_WARN_EMPTY_BODY = YES;
				CLANG_WARN_OBJC_IMPLICIT_ATOMIC_PROPERTIES = YES;
				CLANG_WARN_OBJC_MISSING_PROPERTY_SYNTHESIS = YES;
				CLANG_WARN_OBJC_RECEIVER_WEAK = YES;
				CLANG_WARN_SUSPICIOUS_IMPLICIT_CONVERSION = YES;
				CLANG_WARN__DUPLICATE_METHOD_MATCH = YES;
				GCC_OPTIMIZATION_LEVEL = 0;
				GCC_PREPROCESSOR_DEFINITIONS = DEBUG;
				GCC_SYMBOLS_PRIVATE_EXTERN = NO;
				GCC_TREAT_IMPLICIT_FUNCTION_DECLARATIONS_AS_ERRORS = YES;
				GCC_TREAT_INCOMPATIBLE_POINTER_TYPE_WARNINGS_AS_ERRORS = YES;
				GCC_WARN_64_TO_32_BIT_CONVERSION = YES;
				GCC_WARN_ABOUT_MISSING_FIELD_INITIALIZERS = YES;
				GCC_WARN_ABOUT_MISSING_NEWLINE = YES;
				GCC_WARN_ABOUT_MISSING_PROTOTYPES = YES;
				GCC_WARN_ABOUT_RETURN_TYPE = YES;
				GCC_WARN_INITIALIZER_NOT_FULLY_BRACKETED = YES;
				GCC_WARN_SHADOW = YES;
				GCC_WARN_SIGN_COMPARE = YES;
				GCC_WARN_UNDECLARED_SELECTOR = YES;
				GCC_WARN_UNINITIALIZED_AUTOS = YES;
				GCC_WARN_UNKNOWN_PRAGMAS = YES;
				GCC_WARN_UNUSED_FUNCTION = YES;
				GCC_WARN_UNUSED_VARIABLE = YES;
				HEADER_SEARCH_PATHS = .;
				IPHONEOS_DEPLOYMENT_TARGET = 5.0;
				SDKROOT = iphoneos;
				WARNING_CFLAGS = "-Wall";
			};
			name = Debug;
		};
		383764F613373155007072FD /* Release */ = {
			isa = XCBuildConfiguration;
			buildSettings = {
				CLANG_ANALYZER_SECURITY_FLOATLOOPCOUNTER = YES;
				CLANG_ANALYZER_SECURITY_INSECUREAPI_RAND = YES;
				CLANG_ANALYZER_SECURITY_INSECUREAPI_STRCPY = YES;
				CLANG_CXX_LANGUAGE_STANDARD = "c++0x";
				CLANG_WARN_EMPTY_BODY = YES;
				CLANG_WARN_OBJC_IMPLICIT_ATOMIC_PROPERTIES = YES;
				CLANG_WARN_OBJC_MISSING_PROPERTY_SYNTHESIS = YES;
				CLANG_WARN_OBJC_RECEIVER_WEAK = YES;
				CLANG_WARN_SUSPICIOUS_IMPLICIT_CONVERSION = YES;
				CLANG_WARN__DUPLICATE_METHOD_MATCH = YES;
				GCC_TREAT_IMPLICIT_FUNCTION_DECLARATIONS_AS_ERRORS = YES;
				GCC_TREAT_INCOMPATIBLE_POINTER_TYPE_WARNINGS_AS_ERRORS = YES;
				GCC_WARN_64_TO_32_BIT_CONVERSION = YES;
				GCC_WARN_ABOUT_MISSING_FIELD_INITIALIZERS = YES;
				GCC_WARN_ABOUT_MISSING_NEWLINE = YES;
				GCC_WARN_ABOUT_MISSING_PROTOTYPES = YES;
				GCC_WARN_ABOUT_RETURN_TYPE = YES;
				GCC_WARN_INITIALIZER_NOT_FULLY_BRACKETED = YES;
				GCC_WARN_SHADOW = YES;
				GCC_WARN_SIGN_COMPARE = YES;
				GCC_WARN_UNDECLARED_SELECTOR = YES;
				GCC_WARN_UNINITIALIZED_AUTOS = YES;
				GCC_WARN_UNKNOWN_PRAGMAS = YES;
				GCC_WARN_UNUSED_FUNCTION = YES;
				GCC_WARN_UNUSED_VARIABLE = YES;
				HEADER_SEARCH_PATHS = .;
				IPHONEOS_DEPLOYMENT_TARGET = 5.0;
				SDKROOT = iphoneos;
				WARNING_CFLAGS = "-Wall";
			};
			name = Release;
		};
		38F068401636F8C9002723AB /* Debug */ = {
			isa = XCBuildConfiguration;
			baseConfigurationReference = 1CD6397DC4464AEBBF4476CE /* Pods.xcconfig */;
			buildSettings = {
				CLANG_CXX_LIBRARY = "libc++";
				CLANG_WARN_OBJC_MISSING_PROPERTY_SYNTHESIS = NO;
				CODE_SIGN_IDENTITY = "iPhone Developer";
				COPY_PHASE_STRIP = NO;
				GCC_DYNAMIC_NO_PIC = NO;
				GCC_PRECOMPILE_PREFIX_HEADER = YES;
				GCC_PREFIX_HEADER = "UI7KitTestApp-Prefix.pch";
				GCC_PREPROCESSOR_DEFINITIONS = (
					"DEBUG=1",
					"$(inherited)",
				);
				INFOPLIST_FILE = "UI7KitTestApp-Info.plist";
				IPHONEOS_DEPLOYMENT_TARGET = 5.0;
				LIBRARY_SEARCH_PATHS = "$(PODS_ROOT)/build/$(CONFIGURATION)$(EFFECTIVE_PLATFORM_NAME)";
				ONLY_ACTIVE_ARCH = YES;
				PRODUCT_NAME = "$(TARGET_NAME)";
				SDKROOT = iphoneos;
				TARGETED_DEVICE_FAMILY = "1,2";
				WRAPPER_EXTENSION = app;
			};
			name = Debug;
		};
		38F068411636F8C9002723AB /* Release */ = {
			isa = XCBuildConfiguration;
			baseConfigurationReference = 1CD6397DC4464AEBBF4476CE /* Pods.xcconfig */;
			buildSettings = {
				CLANG_CXX_LIBRARY = "libc++";
				CLANG_WARN_OBJC_MISSING_PROPERTY_SYNTHESIS = NO;
				CODE_SIGN_IDENTITY = "iPhone Developer";
				COPY_PHASE_STRIP = YES;
				GCC_PRECOMPILE_PREFIX_HEADER = YES;
				GCC_PREFIX_HEADER = "UI7KitTestApp-Prefix.pch";
				INFOPLIST_FILE = "UI7KitTestApp-Info.plist";
				IPHONEOS_DEPLOYMENT_TARGET = 5.0;
				LIBRARY_SEARCH_PATHS = "$(PODS_ROOT)/build/$(CONFIGURATION)$(EFFECTIVE_PLATFORM_NAME)";
				OTHER_CFLAGS = "-DNS_BLOCK_ASSERTIONS=1";
				PRODUCT_NAME = "$(TARGET_NAME)";
				SDKROOT = iphoneos;
				TARGETED_DEVICE_FAMILY = "1,2";
				VALIDATE_PRODUCT = YES;
				WRAPPER_EXTENSION = app;
			};
			name = Release;
		};
/* End XCBuildConfiguration section */

/* Begin XCConfigurationList section */
		383764CE13373154007072FD /* Build configuration list for PBXProject "UI7KitTest" */ = {
			isa = XCConfigurationList;
			buildConfigurations = (
				383764F513373155007072FD /* Debug */,
				383764F613373155007072FD /* Release */,
			);
			defaultConfigurationIsVisible = 0;
			defaultConfigurationName = Release;
		};
		38F0683F1636F8C9002723AB /* Build configuration list for PBXNativeTarget "UI7KitTestApp" */ = {
			isa = XCConfigurationList;
			buildConfigurations = (
				38F068401636F8C9002723AB /* Debug */,
				38F068411636F8C9002723AB /* Release */,
			);
			defaultConfigurationIsVisible = 0;
			defaultConfigurationName = Release;
		};
/* End XCConfigurationList section */
	};
	rootObject = 383764CB13373154007072FD /* Project object */;
}
